
Microsoft Visual Studio Solution File, Format Version 12.00
# Visual Studio Version 16
VisualStudioVersion = 16.0.30621.155
MinimumVisualStudioVersion = 10.0.40219.1
Project("{FAE04EC0-301F-11D3-BF4B-00C04F79EFBC}") = "project_Y", "project_Y\project_Y.csproj", "{7B3D0ABC-3D71-4162-9330-8625C44B5099}"
EndProject
Global
	GlobalSection(SolutionConfigurationPlatforms) = preSolution
		Debug|Any CPU = Debug|Any CPU
		Release|Any CPU = Release|Any CPU
	EndGlobalSection
	GlobalSection(ProjectConfigurationPlatforms) = postSolution
		{7B3D0ABC-3D71-4162-9330-8625C44B5099}.Debug|Any CPU.ActiveCfg = Debug|Any CPU
		{7B3D0ABC-3D71-4162-9330-8625C44B5099}.Debug|Any CPU.Build.0 = Debug|Any CPU
		{7B3D0ABC-3D71-4162-9330-8625C44B5099}.Release|Any CPU.ActiveCfg = Release|Any CPU
		{7B3D0ABC-3D71-4162-9330-8625C44B5099}.Release|Any CPU.Build.0 = Release|Any CPU
	EndGlobalSection
	GlobalSection(SolutionProperties) = preSolution
		HideSolutionNode = FALSE
	EndGlobalSection
	GlobalSection(ExtensibilityGlobals) = postSolution
		SolutionGuid = {F32295FF-7316-4F2E-9C44-0D4CCF4EA56A}
	EndGlobalSection
EndGlobal
